
Microsoft Visual Studio Solution File, Format Version 12.00
# Visual Studio Version 17
VisualStudioVersion = 17.5.002.0
MinimumVisualStudioVersion = 10.0.40219.1
Project("{2150E333-8FDC-42A3-9474-1A3956D46DE8}") = "prepare", "prepare", "{5940BA7B-D769-4B73-904F-87FEB2702A71}"
EndProject
Project("{9A19103F-16F7-4668-BE54-9A1E7A4F7556}") = "Learning02", "prepare\Learning02\Learning02.csproj", "{B7B1A779-2C65-4EA0-8E0A-ACBAAB237680}"
EndProject
Project("{9A19103F-16F7-4668-BE54-9A1E7A4F7556}") = "Learning05", "prepare\Learning05\Learning05.csproj", "{2178E95D-135C-496A-B7DA-C641026B2FEE}"
EndProject
Project("{9A19103F-16F7-4668-BE54-9A1E7A4F7556}") = "Learning04", "prepare\Learning04\Learning04.csproj", "{A233B98D-AF13-4CD8-A40C-3BE836232D68}"
EndProject
Project("{9A19103F-16F7-4668-BE54-9A1E7A4F7556}") = "Learning03", "prepare\Learning03\Learning03.csproj", "{0F601618-94DC-4279-83D1-5CE51DFFE29B}"
EndProject
Project("{2150E333-8FDC-42A3-9474-1A3956D46DE8}") = "prove", "prove", "{7C15FC2F-1A8A-4EA2-BA4C-8AB645D1F2CA}"
EndProject
Project("{9A19103F-16F7-4668-BE54-9A1E7A4F7556}") = "Develop03", "prove\Develop03\Develop03.csproj", "{B9A0F460-FD21-4B2B-989B-C95D01966DCF}"
EndProject
Project("{9A19103F-16F7-4668-BE54-9A1E7A4F7556}") = "Develop04", "prove\Develop04\Develop04.csproj", "{F94ECD58-570F-4BF2-9D69-C5337BD2A54D}"
EndProject
Project("{9A19103F-16F7-4668-BE54-9A1E7A4F7556}") = "Develop05", "prove\Develop05\Develop05.csproj", "{2F5B3B3A-2EFE-4CA6-98A9-48E12EA4D0D3}"
EndProject
Project("{9A19103F-16F7-4668-BE54-9A1E7A4F7556}") = "Develop02", "prove\Develop02\Develop02.csproj", "{C10256AF-17C8-49B5-9A2C-5328DEB27E1C}"
EndProject
Project("{2150E333-8FDC-42A3-9474-1A3956D46DE8}") = "sandbox", "sandbox", "{4F61CC0D-3467-4CA8-9970-2EC3B12162E4}"
EndProject
Project("{9A19103F-16F7-4668-BE54-9A1E7A4F7556}") = "Sandbox", "sandbox\Sandbox\Sandbox.csproj", "{BEFB4C31-14CC-4A63-B725-440DD0D76302}"
EndProject
Project("{2150E333-8FDC-42A3-9474-1A3956D46DE8}") = "final", "final", "{1CA6DE41-1D93-485B-82C9-FAC04B24C3F6}"
EndProject
Project("{9A19103F-16F7-4668-BE54-9A1E7A4F7556}") = "FinalProject", "final\FinalProject\FinalProject.csproj", "{233080D2-5DCA-4C08-8EB4-023F6915A560}"
EndProject
Project("{9A19103F-16F7-4668-BE54-9A1E7A4F7556}") = "Foundation1", "final\Foundation1\Foundation1.csproj", "{1304FBBD-AF71-4457-81E1-0C891F2A6D56}"
EndProject
Project("{9A19103F-16F7-4668-BE54-9A1E7A4F7556}") = "Foundation4", "final\Foundation4\Foundation4.csproj", "{7AAF7551-F2A6-4920-9935-19249F4EE160}"
EndProject
Project("{9A19103F-16F7-4668-BE54-9A1E7A4F7556}") = "Foundation3", "final\Foundation3\Foundation3.csproj", "{2F9C3968-E871-402C-A804-BE9FE79393BC}"
EndProject
Project("{9A19103F-16F7-4668-BE54-9A1E7A4F7556}") = "Foundation2", "final\Foundation2\Foundation2.csproj", "{FEFE6227-39BB-4DC5-B2F7-D4EA97265790}"
EndProject
Project("{2150E333-8FDC-42A3-9474-1A3956D46DE8}") = "csharp-prep", "csharp-prep", "{56EF230F-F345-4C58-9406-9FBC43FC7086}"
EndProject
Project("{9A19103F-16F7-4668-BE54-9A1E7A4F7556}") = "Prep1", "csharp-prep\Prep1\Prep1.csproj", "{967A0346-CB15-42E3-848B-B8E6CBAA1038}"
EndProject
Project("{9A19103F-16F7-4668-BE54-9A1E7A4F7556}") = "Prep5", "csharp-prep\Prep5\Prep5.csproj", "{FE9B6F19-962D-4F65-A18E-76B18FE40ED9}"
EndProject
Project("{9A19103F-16F7-4668-BE54-9A1E7A4F7556}") = "Prep2", "csharp-prep\Prep2\Prep2.csproj", "{25703A49-AAA1-4C29-8AB4-19C4EE239D52}"
EndProject
Project("{9A19103F-16F7-4668-BE54-9A1E7A4F7556}") = "Prep3", "csharp-prep\Prep3\Prep3.csproj", "{60F9E716-32BB-4501-B21B-84FDC03D19BA}"
EndProject
Project("{9A19103F-16F7-4668-BE54-9A1E7A4F7556}") = "Prep4", "csharp-prep\Prep4\Prep4.csproj", "{272E2148-283E-42C7-9B4C-B147CE8F2B72}"
EndProject
Global
	GlobalSection(SolutionConfigurationPlatforms) = preSolution
		Debug|Any CPU = Debug|Any CPU
		Release|Any CPU = Release|Any CPU
	EndGlobalSection
	GlobalSection(ProjectConfigurationPlatforms) = postSolution
		{B7B1A779-2C65-4EA0-8E0A-ACBAAB237680}.Debug|Any CPU.ActiveCfg = Debug|Any CPU
		{B7B1A779-2C65-4EA0-8E0A-ACBAAB237680}.Debug|Any CPU.Build.0 = Debug|Any CPU
		{B7B1A779-2C65-4EA0-8E0A-ACBAAB237680}.Release|Any CPU.ActiveCfg = Release|Any CPU
		{B7B1A779-2C65-4EA0-8E0A-ACBAAB237680}.Release|Any CPU.Build.0 = Release|Any CPU
		{2178E95D-135C-496A-B7DA-C641026B2FEE}.Debug|Any CPU.ActiveCfg = Debug|Any CPU
		{2178E95D-135C-496A-B7DA-C641026B2FEE}.Debug|Any CPU.Build.0 = Debug|Any CPU
		{2178E95D-135C-496A-B7DA-C641026B2FEE}.Release|Any CPU.ActiveCfg = Release|Any CPU
		{2178E95D-135C-496A-B7DA-C641026B2FEE}.Release|Any CPU.Build.0 = Release|Any CPU
		{A233B98D-AF13-4CD8-A40C-3BE836232D68}.Debug|Any CPU.ActiveCfg = Debug|Any CPU
		{A233B98D-AF13-4CD8-A40C-3BE836232D68}.Debug|Any CPU.Build.0 = Debug|Any CPU
		{A233B98D-AF13-4CD8-A40C-3BE836232D68}.Release|Any CPU.ActiveCfg = Release|Any CPU
		{A233B98D-AF13-4CD8-A40C-3BE836232D68}.Release|Any CPU.Build.0 = Release|Any CPU
		{0F601618-94DC-4279-83D1-5CE51DFFE29B}.Debug|Any CPU.ActiveCfg = Debug|Any CPU
		{0F601618-94DC-4279-83D1-5CE51DFFE29B}.Debug|Any CPU.Build.0 = Debug|Any CPU
		{0F601618-94DC-4279-83D1-5CE51DFFE29B}.Release|Any CPU.ActiveCfg = Release|Any CPU
		{0F601618-94DC-4279-83D1-5CE51DFFE29B}.Release|Any CPU.Build.0 = Release|Any CPU
		{B9A0F460-FD21-4B2B-989B-C95D01966DCF}.Debug|Any CPU.ActiveCfg = Debug|Any CPU
		{B9A0F460-FD21-4B2B-989B-C95D01966DCF}.Debug|Any CPU.Build.0 = Debug|Any CPU
		{B9A0F460-FD21-4B2B-989B-C95D01966DCF}.Release|Any CPU.ActiveCfg = Release|Any CPU
		{B9A0F460-FD21-4B2B-989B-C95D01966DCF}.Release|Any CPU.Build.0 = Release|Any CPU
		{F94ECD58-570F-4BF2-9D69-C5337BD2A54D}.Debug|Any CPU.ActiveCfg = Debug|Any CPU
		{F94ECD58-570F-4BF2-9D69-C5337BD2A54D}.Debug|Any CPU.Build.0 = Debug|Any CPU
		{F94ECD58-570F-4BF2-9D69-C5337BD2A54D}.Release|Any CPU.ActiveCfg = Release|Any CPU
		{F94ECD58-570F-4BF2-9D69-C5337BD2A54D}.Release|Any CPU.Build.0 = Release|Any CPU
		{2F5B3B3A-2EFE-4CA6-98A9-48E12EA4D0D3}.Debug|Any CPU.ActiveCfg = Debug|Any CPU
		{2F5B3B3A-2EFE-4CA6-98A9-48E12EA4D0D3}.Debug|Any CPU.Build.0 = Debug|Any CPU
		{2F5B3B3A-2EFE-4CA6-98A9-48E12EA4D0D3}.Release|Any CPU.ActiveCfg = Release|Any CPU
		{2F5B3B3A-2EFE-4CA6-98A9-48E12EA4D0D3}.Release|Any CPU.Build.0 = Release|Any CPU
		{C10256AF-17C8-49B5-9A2C-5328DEB27E1C}.Debug|Any CPU.ActiveCfg = Debug|Any CPU
		{C10256AF-17C8-49B5-9A2C-5328DEB27E1C}.Debug|Any CPU.Build.0 = Debug|Any CPU
		{C10256AF-17C8-49B5-9A2C-5328DEB27E1C}.Release|Any CPU.ActiveCfg = Release|Any CPU
		{C10256AF-17C8-49B5-9A2C-5328DEB27E1C}.Release|Any CPU.Build.0 = Release|Any CPU
		{BEFB4C31-14CC-4A63-B725-440DD0D76302}.Debug|Any CPU.ActiveCfg = Debug|Any CPU
		{BEFB4C31-14CC-4A63-B725-440DD0D76302}.Debug|Any CPU.Build.0 = Debug|Any CPU
		{BEFB4C31-14CC-4A63-B725-440DD0D76302}.Release|Any CPU.ActiveCfg = Release|Any CPU
		{BEFB4C31-14CC-4A63-B725-440DD0D76302}.Release|Any CPU.Build.0 = Release|Any CPU
		{233080D2-5DCA-4C08-8EB4-023F6915A560}.Debug|Any CPU.ActiveCfg = Debug|Any CPU
		{233080D2-5DCA-4C08-8EB4-023F6915A560}.Debug|Any CPU.Build.0 = Debug|Any CPU
		{233080D2-5DCA-4C08-8EB4-023F6915A560}.Release|Any CPU.ActiveCfg = Release|Any CPU
		{233080D2-5DCA-4C08-8EB4-023F6915A560}.Release|Any CPU.Build.0 = Release|Any CPU
		{1304FBBD-AF71-4457-81E1-0C891F2A6D56}.Debug|Any CPU.ActiveCfg = Debug|Any CPU
		{1304FBBD-AF71-4457-81E1-0C891F2A6D56}.Debug|Any CPU.Build.0 = Debug|Any CPU
		{1304FBBD-AF71-4457-81E1-0C891F2A6D56}.Release|Any CPU.ActiveCfg = Release|Any CPU
		{1304FBBD-AF71-4457-81E1-0C891F2A6D56}.Release|Any CPU.Build.0 = Release|Any CPU
		{7AAF7551-F2A6-4920-9935-19249F4EE160}.Debug|Any CPU.ActiveCfg = Debug|Any CPU
		{7AAF7551-F2A6-4920-9935-19249F4EE160}.Debug|Any CPU.Build.0 = Debug|Any CPU
		{7AAF7551-F2A6-4920-9935-19249F4EE160}.Release|Any CPU.ActiveCfg = Release|Any CPU
		{7AAF7551-F2A6-4920-9935-19249F4EE160}.Release|Any CPU.Build.0 = Release|Any CPU
		{2F9C3968-E871-402C-A804-BE9FE79393BC}.Debug|Any CPU.ActiveCfg = Debug|Any CPU
		{2F9C3968-E871-402C-A804-BE9FE79393BC}.Debug|Any CPU.Build.0 = Debug|Any CPU
		{2F9C3968-E871-402C-A804-BE9FE79393BC}.Release|Any CPU.ActiveCfg = Release|Any CPU
		{2F9C3968-E871-402C-A804-BE9FE79393BC}.Release|Any CPU.Build.0 = Release|Any CPU
		{FEFE6227-39BB-4DC5-B2F7-D4EA97265790}.Debug|Any CPU.ActiveCfg = Debug|Any CPU
		{FEFE6227-39BB-4DC5-B2F7-D4EA97265790}.Debug|Any CPU.Build.0 = Debug|Any CPU
		{FEFE6227-39BB-4DC5-B2F7-D4EA97265790}.Release|Any CPU.ActiveCfg = Release|Any CPU
		{FEFE6227-39BB-4DC5-B2F7-D4EA97265790}.Release|Any CPU.Build.0 = Release|Any CPU
		{967A0346-CB15-42E3-848B-B8E6CBAA1038}.Debug|Any CPU.ActiveCfg = Debug|Any CPU
		{967A0346-CB15-42E3-848B-B8E6CBAA1038}.Debug|Any CPU.Build.0 = Debug|Any CPU
		{967A0346-CB15-42E3-848B-B8E6CBAA1038}.Release|Any CPU.ActiveCfg = Release|Any CPU
		{967A0346-CB15-42E3-848B-B8E6CBAA1038}.Release|Any CPU.Build.0 = Release|Any CPU
		{FE9B6F19-962D-4F65-A18E-76B18FE40ED9}.Debug|Any CPU.ActiveCfg = Debug|Any CPU
		{FE9B6F19-962D-4F65-A18E-76B18FE40ED9}.Debug|Any CPU.Build.0 = Debug|Any CPU
		{FE9B6F19-962D-4F65-A18E-76B18FE40ED9}.Release|Any CPU.ActiveCfg = Release|Any CPU
		{FE9B6F19-962D-4F65-A18E-76B18FE40ED9}.Release|Any CPU.Build.0 = Release|Any CPU
		{25703A49-AAA1-4C29-8AB4-19C4EE239D52}.Debug|Any CPU.ActiveCfg = Debug|Any CPU
		{25703A49-AAA1-4C29-8AB4-19C4EE239D52}.Debug|Any CPU.Build.0 = Debug|Any CPU
		{25703A49-AAA1-4C29-8AB4-19C4EE239D52}.Release|Any CPU.ActiveCfg = Release|Any CPU
		{25703A49-AAA1-4C29-8AB4-19C4EE239D52}.Release|Any CPU.Build.0 = Release|Any CPU
		{60F9E716-32BB-4501-B21B-84FDC03D19BA}.Debug|Any CPU.ActiveCfg = Debug|Any CPU
		{60F9E716-32BB-4501-B21B-84FDC03D19BA}.Debug|Any CPU.Build.0 = Debug|Any CPU
		{60F9E716-32BB-4501-B21B-84FDC03D19BA}.Release|Any CPU.ActiveCfg = Release|Any CPU
		{60F9E716-32BB-4501-B21B-84FDC03D19BA}.Release|Any CPU.Build.0 = Release|Any CPU
		{272E2148-283E-42C7-9B4C-B147CE8F2B72}.Debug|Any CPU.ActiveCfg = Debug|Any CPU
		{272E2148-283E-42C7-9B4C-B147CE8F2B72}.Debug|Any CPU.Build.0 = Debug|Any CPU
		{272E2148-283E-42C7-9B4C-B147CE8F2B72}.Release|Any CPU.ActiveCfg = Release|Any CPU
		{272E2148-283E-42C7-9B4C-B147CE8F2B72}.Release|Any CPU.Build.0 = Release|Any CPU
	EndGlobalSection
	GlobalSection(SolutionProperties) = preSolution
		HideSolutionNode = FALSE
	EndGlobalSection
	GlobalSection(NestedProjects) = preSolution
		{B7B1A779-2C65-4EA0-8E0A-ACBAAB237680} = {5940BA7B-D769-4B73-904F-87FEB2702A71}
		{2178E95D-135C-496A-B7DA-C641026B2FEE} = {5940BA7B-D769-4B73-904F-87FEB2702A71}
		{A233B98D-AF13-4CD8-A40C-3BE836232D68} = {5940BA7B-D769-4B73-904F-87FEB2702A71}
		{0F601618-94DC-4279-83D1-5CE51DFFE29B} = {5940BA7B-D769-4B73-904F-87FEB2702A71}
		{B9A0F460-FD21-4B2B-989B-C95D01966DCF} = {7C15FC2F-1A8A-4EA2-BA4C-8AB645D1F2CA}
		{F94ECD58-570F-4BF2-9D69-C5337BD2A54D} = {7C15FC2F-1A8A-4EA2-BA4C-8AB645D1F2CA}
		{2F5B3B3A-2EFE-4CA6-98A9-48E12EA4D0D3} = {7C15FC2F-1A8A-4EA2-BA4C-8AB645D1F2CA}
		{C10256AF-17C8-49B5-9A2C-5328DEB27E1C} = {7C15FC2F-1A8A-4EA2-BA4C-8AB645D1F2CA}
		{BEFB4C31-14CC-4A63-B725-440DD0D76302} = {4F61CC0D-3467-4CA8-9970-2EC3B12162E4}
		{233080D2-5DCA-4C08-8EB4-023F6915A560} = {1CA6DE41-1D93-485B-82C9-FAC04B24C3F6}
		{1304FBBD-AF71-4457-81E1-0C891F2A6D56} = {1CA6DE41-1D93-485B-82C9-FAC04B24C3F6}
		{7AAF7551-F2A6-4920-9935-19249F4EE160} = {1CA6DE41-1D93-485B-82C9-FAC04B24C3F6}
		{2F9C3968-E871-402C-A804-BE9FE79393BC} = {1CA6DE41-1D93-485B-82C9-FAC04B24C3F6}
		{FEFE6227-39BB-4DC5-B2F7-D4EA97265790} = {1CA6DE41-1D93-485B-82C9-FAC04B24C3F6}
		{967A0346-CB15-42E3-848B-B8E6CBAA1038} = {56EF230F-F345-4C58-9406-9FBC43FC7086}
		{FE9B6F19-962D-4F65-A18E-76B18FE40ED9} = {56EF230F-F345-4C58-9406-9FBC43FC7086}
		{25703A49-AAA1-4C29-8AB4-19C4EE239D52} = {56EF230F-F345-4C58-9406-9FBC43FC7086}
		{60F9E716-32BB-4501-B21B-84FDC03D19BA} = {56EF230F-F345-4C58-9406-9FBC43FC7086}
		{272E2148-283E-42C7-9B4C-B147CE8F2B72} = {56EF230F-F345-4C58-9406-9FBC43FC7086}
	EndGlobalSection
	GlobalSection(ExtensibilityGlobals) = postSolution
		SolutionGuid = {C4966C31-53F1-4BE8-BAE3-9E2163216588}
	EndGlobalSection
EndGlobal
